# THIS IS AN AUTOGENERATED FILE. DO NOT EDIT THIS FILE DIRECTLY.
# yarn lockfile v1


stimulus-reveal-controller@^3.0.0:
  version "3.0.0"
  resolved "https://registry.yarnpkg.com/stimulus-reveal-controller/-/stimulus-reveal-controller-3.0.0.tgz#1765c7bf51f8da88543a26c87302d3e650919ef6"
  integrity sha512-DEHSKz5X7Qdy01sEnqyoftAy2PXS6JaZMCy5ZEivn8c+Pz5QDXuavVfCJ0AbrotOfQrtv8mEIW/fwiL2SUIMng==
